// !$*UTF8*$!
{
	archiveVersion = 1;
	classes = {
	};
	objectVersion = 55;
	objects = {

/* Begin PBXBuildFile section */
		B24DC8F526FADABB0064FD28 /* ArrayOnly.swift in Sources */ = {isa = PBXBuildFile; fileRef = B24DC8F426FADABB0064FD28 /* ArrayOnly.swift */; };
		B24DC8F726FB791A0064FD28 /* Cardify.swift in Sources */ = {isa = PBXBuildFile; fileRef = B24DC8F626FB791A0064FD28 /* Cardify.swift */; };
		B254A29B26FF95970052641E /* AspectVGrid.swift in Sources */ = {isa = PBXBuildFile; fileRef = B254A29A26FF95970052641E /* AspectVGrid.swift */; };
		B255342B26FA962F00B8FE04 /* Pie.swift in Sources */ = {isa = PBXBuildFile; fileRef = B255342A26FA962E00B8FE04 /* Pie.swift */; };
		B278BEA926E98ACD00BA7893 /* ConcentrationGameApp.swift in Sources */ = {isa = PBXBuildFile; fileRef = B278BEA826E98ACD00BA7893 /* ConcentrationGameApp.swift */; };
		B278BEAB26E98ACD00BA7893 /* EmojiGameView.swift in Sources */ = {isa = PBXBuildFile; fileRef = B278BEAA26E98ACD00BA7893 /* EmojiGameView.swift */; };
		B278BEAD26E98ACE00BA7893 /* Assets.xcassets in Resources */ = {isa = PBXBuildFile; fileRef = B278BEAC26E98ACE00BA7893 /* Assets.xcassets */; };
		B278BEB026E98ACE00BA7893 /* Preview Assets.xcassets in Resources */ = {isa = PBXBuildFile; fileRef = B278BEAF26E98ACE00BA7893 /* Preview Assets.xcassets */; };
		B278BEB726E9928A00BA7893 /* ConcentrationGame.swift in Sources */ = {isa = PBXBuildFile; fileRef = B278BEB626E9928A00BA7893 /* ConcentrationGame.swift */; };
		B278BEB926E9938D00BA7893 /* EmojiConcentrationGame.swift in Sources */ = {isa = PBXBuildFile; fileRef = B278BEB826E9938D00BA7893 /* EmojiConcentrationGame.swift */; };
		B27B41A326EC3DD900DA34EF /* CardView.swift in Sources */ = {isa = PBXBuildFile; fileRef = B27B41A226EC3DD900DA34EF /* CardView.swift */; };
		B27B41A526EC439500DA34EF /* ArrayIdentifiable.swift in Sources */ = {isa = PBXBuildFile; fileRef = B27B41A426EC439500DA34EF /* ArrayIdentifiable.swift */; };
		B2C13ED426FFEA2F000A14C1 /* Theme.swift in Sources */ = {isa = PBXBuildFile; fileRef = B2C13ED326FFEA2F000A14C1 /* Theme.swift */; };
		B2C13ED82703781D000A14C1 /* Welcome.swift in Sources */ = {isa = PBXBuildFile; fileRef = B2C13ED72703781D000A14C1 /* Welcome.swift */; };
		B2C13EE2270BE11F000A14C1 /* GameNavigation.swift in Sources */ = {isa = PBXBuildFile; fileRef = B2C13EE1270BE11F000A14C1 /* GameNavigation.swift */; };
		B2C13EE4270BE181000A14C1 /* GameMode.swift in Sources */ = {isa = PBXBuildFile; fileRef = B2C13EE3270BE181000A14C1 /* GameMode.swift */; };
		B2C13EE6270CC4CB000A14C1 /* temple_pics_concentration in Resources */ = {isa = PBXBuildFile; fileRef = B2C13EE5270CC4CB000A14C1 /* temple_pics_concentration */; };
/* End PBXBuildFile section */

/* Begin PBXFileReference section */
		B24DC8F426FADABB0064FD28 /* ArrayOnly.swift */ = {isa = PBXFileReference; lastKnownFileType = sourcecode.swift; path = ArrayOnly.swift; sourceTree = "<group>"; };
		B24DC8F626FB791A0064FD28 /* Cardify.swift */ = {isa = PBXFileReference; lastKnownFileType = sourcecode.swift; path = Cardify.swift; sourceTree = "<group>"; };
		B254A29A26FF95970052641E /* AspectVGrid.swift */ = {isa = PBXFileReference; lastKnownFileType = sourcecode.swift; path = AspectVGrid.swift; sourceTree = "<group>"; };
		B255342A26FA962E00B8FE04 /* Pie.swift */ = {isa = PBXFileReference; lastKnownFileType = sourcecode.swift; path = Pie.swift; sourceTree = "<group>"; };
		B278BEA526E98ACD00BA7893 /* ConcentrationGame.app */ = {isa = PBXFileReference; explicitFileType = wrapper.application; includeInIndex = 0; path = ConcentrationGame.app; sourceTree = BUILT_PRODUCTS_DIR; };
		B278BEA826E98ACD00BA7893 /* ConcentrationGameApp.swift */ = {isa = PBXFileReference; lastKnownFileType = sourcecode.swift; path = ConcentrationGameApp.swift; sourceTree = "<group>"; };
		B278BEAA26E98ACD00BA7893 /* EmojiGameView.swift */ = {isa = PBXFileReference; lastKnownFileType = sourcecode.swift; path = EmojiGameView.swift; sourceTree = "<group>"; };
		B278BEAC26E98ACE00BA7893 /* Assets.xcassets */ = {isa = PBXFileReference; lastKnownFileType = folder.assetcatalog; path = Assets.xcassets; sourceTree = "<group>"; };
		B278BEAF26E98ACE00BA7893 /* Preview Assets.xcassets */ = {isa = PBXFileReference; lastKnownFileType = folder.assetcatalog; path = "Preview Assets.xcassets"; sourceTree = "<group>"; };
		B278BEB626E9928A00BA7893 /* ConcentrationGame.swift */ = {isa = PBXFileReference; lastKnownFileType = sourcecode.swift; path = ConcentrationGame.swift; sourceTree = "<group>"; };
		B278BEB826E9938D00BA7893 /* EmojiConcentrationGame.swift */ = {isa = PBXFileReference; lastKnownFileType = sourcecode.swift; path = EmojiConcentrationGame.swift; sourceTree = "<group>"; };
		B27B41A226EC3DD900DA34EF /* CardView.swift */ = {isa = PBXFileReference; lastKnownFileType = sourcecode.swift; path = CardView.swift; sourceTree = "<group>"; };
		B27B41A426EC439500DA34EF /* ArrayIdentifiable.swift */ = {isa = PBXFileReference; lastKnownFileType = sourcecode.swift; path = ArrayIdentifiable.swift; sourceTree = "<group>"; };
		B2C13ED326FFEA2F000A14C1 /* Theme.swift */ = {isa = PBXFileReference; lastKnownFileType = sourcecode.swift; path = Theme.swift; sourceTree = "<group>"; };
		B2C13ED72703781D000A14C1 /* Welcome.swift */ = {isa = PBXFileReference; lastKnownFileType = sourcecode.swift; path = Welcome.swift; sourceTree = "<group>"; };
		B2C13EE1270BE11F000A14C1 /* GameNavigation.swift */ = {isa = PBXFileReference; fileEncoding = 4; lastKnownFileType = sourcecode.swift; name = GameNavigation.swift; path = "../../../../../../../Library/Mobile Documents/com~apple~CloudDocs/.Trash/GameNavigation.swift"; sourceTree = "<group>"; };
		B2C13EE3270BE181000A14C1 /* GameMode.swift */ = {isa = PBXFileReference; lastKnownFileType = sourcecode.swift; path = GameMode.swift; sourceTree = "<group>"; };
		B2C13EE5270CC4CB000A14C1 /* temple_pics_concentration */ = {isa = PBXFileReference; lastKnownFileType = folder; name = temple_pics_concentration; path = ../../../../../../../Downloads/temple_pics_concentration; sourceTree = "<group>"; };
		B2C13EE8270CC4F2000A14C1 /* urdaneta_temple.jpeg */ = {isa = PBXFileReference; lastKnownFileType = image.jpeg; path = urdaneta_temple.jpeg; sourceTree = "<group>"; };
		B2C13EE9270CC4F2000A14C1 /* bountiful_temple_lds.jpeg */ = {isa = PBXFileReference; lastKnownFileType = image.jpeg; path = bountiful_temple_lds.jpeg; sourceTree = "<group>"; };
		B2C13EEA270CC4F2000A14C1 /* draper_temple.jpeg */ = {isa = PBXFileReference; lastKnownFileType = image.jpeg; path = draper_temple.jpeg; sourceTree = "<group>"; };
		B2C13EEB270CC4F2000A14C1 /* mount_timpanogos_temple.jpeg */ = {isa = PBXFileReference; lastKnownFileType = image.jpeg; path = mount_timpanogos_temple.jpeg; sourceTree = "<group>"; };
		B2C13EEC270CC4F2000A14C1 /* nauvoo_temple.jpeg */ = {isa = PBXFileReference; lastKnownFileType = image.jpeg; path = nauvoo_temple.jpeg; sourceTree = "<group>"; };
		B2C13EED270CC4F2000A14C1 /* manti_temple.jpeg */ = {isa = PBXFileReference; lastKnownFileType = image.jpeg; path = manti_temple.jpeg; sourceTree = "<group>"; };
		B2C13EEE270CC4F2000A14C1 /* taylorsville_temple.jpeg */ = {isa = PBXFileReference; lastKnownFileType = image.jpeg; path = taylorsville_temple.jpeg; sourceTree = "<group>"; };
		B2C13EEF270CC4F2000A14C1 /* manila_temple.jpeg */ = {isa = PBXFileReference; lastKnownFileType = image.jpeg; path = manila_temple.jpeg; sourceTree = "<group>"; };
		B2C13EF0270CC4F2000A14C1 /* salt_lake_templejpeg.jpeg */ = {isa = PBXFileReference; lastKnownFileType = image.jpeg; path = salt_lake_templejpeg.jpeg; sourceTree = "<group>"; };
		B2C13EF1270CC4F2000A14C1 /* cebu_city_temple.jpeg */ = {isa = PBXFileReference; lastKnownFileType = image.jpeg; path = cebu_city_temple.jpeg; sourceTree = "<group>"; };
		B2C13EF2270CC4F2000A14C1 /* st_george_temple.jpeg */ = {isa = PBXFileReference; lastKnownFileType = image.jpeg; path = st_george_temple.jpeg; sourceTree = "<group>"; };
		B2C13EF3270CC4F2000A14C1 /* payson_utah.jpeg */ = {isa = PBXFileReference; lastKnownFileType = image.jpeg; path = payson_utah.jpeg; sourceTree = "<group>"; };
		B2C13EF4270CC4F2000A14C1 /* provo_city_center_templejpeg.jpeg */ = {isa = PBXFileReference; lastKnownFileType = image.jpeg; path = provo_city_center_templejpeg.jpeg; sourceTree = "<group>"; };
		B2C13EF5270CC4F2000A14C1 /* bangkok_temple.png */ = {isa = PBXFileReference; lastKnownFileType = image.png; path = bangkok_temple.png; sourceTree = "<group>"; };
		B2C13EF6270CC4F2000A14C1 /* cedar_city_temple.jpeg */ = {isa = PBXFileReference; lastKnownFileType = image.jpeg; path = cedar_city_temple.jpeg; sourceTree = "<group>"; };
		B2C13EF7270CC4F2000A14C1 /* bengaluru_temple.jpeg */ = {isa = PBXFileReference; lastKnownFileType = image.jpeg; path = bengaluru_temple.jpeg; sourceTree = "<group>"; };
		B2C13EF8270CC4F2000A14C1 /* saratoga_springs_temple.jpeg */ = {isa = PBXFileReference; lastKnownFileType = image.jpeg; path = saratoga_springs_temple.jpeg; sourceTree = "<group>"; };
		B2C13EF9270CC4F2000A14C1 /* laie_temple.jpeg */ = {isa = PBXFileReference; lastKnownFileType = image.jpeg; path = laie_temple.jpeg; sourceTree = "<group>"; };
		B2C13EFA270CC4F2000A14C1 /* logan_temple.jpeg */ = {isa = PBXFileReference; lastKnownFileType = image.jpeg; path = logan_temple.jpeg; sourceTree = "<group>"; };
		B2C13EFB270CC4F2000A14C1 /* alabang_temple.jpeg */ = {isa = PBXFileReference; lastKnownFileType = image.jpeg; path = alabang_temple.jpeg; sourceTree = "<group>"; };
		B2C13EFC270CC4F2000A14C1 /* antofagasta_temple.jpeg */ = {isa = PBXFileReference; lastKnownFileType = image.jpeg; path = antofagasta_temple.jpeg; sourceTree = "<group>"; };
		B2C13EFD270CC4F2000A14C1 /* brasilia_temple.jpeg */ = {isa = PBXFileReference; lastKnownFileType = image.jpeg; path = brasilia_temple.jpeg; sourceTree = "<group>"; };
		B2C13EFE270CC4F2000A14C1 /* mesa_temple.jpeg */ = {isa = PBXFileReference; lastKnownFileType = image.jpeg; path = mesa_temple.jpeg; sourceTree = "<group>"; };
		B2C13EFF270CC4F2000A14C1 /* okinawa_temple.jpeg */ = {isa = PBXFileReference; lastKnownFileType = image.jpeg; path = okinawa_temple.jpeg; sourceTree = "<group>"; };
		B2C13F00270CC4F2000A14C1 /* kinshasa_temple.jpeg */ = {isa = PBXFileReference; lastKnownFileType = image.jpeg; path = kinshasa_temple.jpeg; sourceTree = "<group>"; };
/* End PBXFileReference section */

/* Begin PBXFrameworksBuildPhase section */
		B278BEA226E98ACD00BA7893 /* Frameworks */ = {
			isa = PBXFrameworksBuildPhase;
			buildActionMask = 2147483647;
			files = (
			);
			runOnlyForDeploymentPostprocessing = 0;
		};
/* End PBXFrameworksBuildPhase section */

/* Begin PBXGroup section */
		B278BE9C26E98ACD00BA7893 = {
			isa = PBXGroup;
			children = (
				B278BEA726E98ACD00BA7893 /* ConcentrationGame */,
				B278BEA626E98ACD00BA7893 /* Products */,
			);
			sourceTree = "<group>";
		};
		B278BEA626E98ACD00BA7893 /* Products */ = {
			isa = PBXGroup;
			children = (
				B278BEA526E98ACD00BA7893 /* ConcentrationGame.app */,
			);
			name = Products;
			sourceTree = "<group>";
		};
		B278BEA726E98ACD00BA7893 /* ConcentrationGame */ = {
			isa = PBXGroup;
			children = (
				B27B419F26EC3CDA00DA34EF /* Model */,
				B27B419E26EC3CC100DA34EF /* View */,
				B27B41A026EC3CF400DA34EF /* ViewModel */,
				B27B41A126EC3D0400DA34EF /* Utility */,
				B278BEAE26E98ACE00BA7893 /* Preview Content */,
				B278BEAC26E98ACE00BA7893 /* Assets.xcassets */,
				B2C13EE7270CC4F2000A14C1 /* temple_pics_concentration */,
			);
			path = ConcentrationGame;
			sourceTree = "<group>";
		};
		B278BEAE26E98ACE00BA7893 /* Preview Content */ = {
			isa = PBXGroup;
			children = (
				B2C13EE5270CC4CB000A14C1 /* temple_pics_concentration */,
				B278BEAF26E98ACE00BA7893 /* Preview Assets.xcassets */,
			);
			path = "Preview Content";
			sourceTree = "<group>";
		};
		B27B419E26EC3CC100DA34EF /* View */ = {
			isa = PBXGroup;
			children = (
				B278BEA826E98ACD00BA7893 /* ConcentrationGameApp.swift */,
				B278BEAA26E98ACD00BA7893 /* EmojiGameView.swift */,
				B27B41A226EC3DD900DA34EF /* CardView.swift */,
				B255342A26FA962E00B8FE04 /* Pie.swift */,
				B2C13EE1270BE11F000A14C1 /* GameNavigation.swift */,
				B24DC8F626FB791A0064FD28 /* Cardify.swift */,
				B254A29A26FF95970052641E /* AspectVGrid.swift */,
				B2C13ED72703781D000A14C1 /* Welcome.swift */,
				B2C13EE3270BE181000A14C1 /* GameMode.swift */,
			);
			path = View;
			sourceTree = "<group>";
		};
		B27B419F26EC3CDA00DA34EF /* Model */ = {
			isa = PBXGroup;
			children = (
				B278BEB626E9928A00BA7893 /* ConcentrationGame.swift */,
				B2C13ED326FFEA2F000A14C1 /* Theme.swift */,
			);
			path = Model;
			sourceTree = "<group>";
		};
		B27B41A026EC3CF400DA34EF /* ViewModel */ = {
			isa = PBXGroup;
			children = (
				B278BEB826E9938D00BA7893 /* EmojiConcentrationGame.swift */,
			);
			path = ViewModel;
			sourceTree = "<group>";
		};
		B27B41A126EC3D0400DA34EF /* Utility */ = {
			isa = PBXGroup;
			children = (
				B27B41A426EC439500DA34EF /* ArrayIdentifiable.swift */,
				B24DC8F426FADABB0064FD28 /* ArrayOnly.swift */,
			);
			path = Utility;
			sourceTree = "<group>";
		};
		B2C13EE7270CC4F2000A14C1 /* temple_pics_concentration */ = {
			isa = PBXGroup;
			children = (
				B2C13EE8270CC4F2000A14C1 /* urdaneta_temple.jpeg */,
				B2C13EE9270CC4F2000A14C1 /* bountiful_temple_lds.jpeg */,
				B2C13EEA270CC4F2000A14C1 /* draper_temple.jpeg */,
				B2C13EEB270CC4F2000A14C1 /* mount_timpanogos_temple.jpeg */,
				B2C13EEC270CC4F2000A14C1 /* nauvoo_temple.jpeg */,
				B2C13EED270CC4F2000A14C1 /* manti_temple.jpeg */,
				B2C13EEE270CC4F2000A14C1 /* taylorsville_temple.jpeg */,
				B2C13EEF270CC4F2000A14C1 /* manila_temple.jpeg */,
				B2C13EF0270CC4F2000A14C1 /* salt_lake_templejpeg.jpeg */,
				B2C13EF1270CC4F2000A14C1 /* cebu_city_temple.jpeg */,
				B2C13EF2270CC4F2000A14C1 /* st_george_temple.jpeg */,
				B2C13EF3270CC4F2000A14C1 /* payson_utah.jpeg */,
				B2C13EF4270CC4F2000A14C1 /* provo_city_center_templejpeg.jpeg */,
				B2C13EF5270CC4F2000A14C1 /* bangkok_temple.png */,
				B2C13EF6270CC4F2000A14C1 /* cedar_city_temple.jpeg */,
				B2C13EF7270CC4F2000A14C1 /* bengaluru_temple.jpeg */,
				B2C13EF8270CC4F2000A14C1 /* saratoga_springs_temple.jpeg */,
				B2C13EF9270CC4F2000A14C1 /* laie_temple.jpeg */,
				B2C13EFA270CC4F2000A14C1 /* logan_temple.jpeg */,
				B2C13EFB270CC4F2000A14C1 /* alabang_temple.jpeg */,
				B2C13EFC270CC4F2000A14C1 /* antofagasta_temple.jpeg */,
				B2C13EFD270CC4F2000A14C1 /* brasilia_temple.jpeg */,
				B2C13EFE270CC4F2000A14C1 /* mesa_temple.jpeg */,
				B2C13EFF270CC4F2000A14C1 /* okinawa_temple.jpeg */,
				B2C13F00270CC4F2000A14C1 /* kinshasa_temple.jpeg */,
			);
			path = temple_pics_concentration;
			sourceTree = "<group>";
		};
/* End PBXGroup section */

/* Begin PBXNativeTarget section */
		B278BEA426E98ACD00BA7893 /* ConcentrationGame */ = {
			isa = PBXNativeTarget;
			buildConfigurationList = B278BEB326E98ACE00BA7893 /* Build configuration list for PBXNativeTarget "ConcentrationGame" */;
			buildPhases = (
				B278BEA126E98ACD00BA7893 /* Sources */,
				B278BEA226E98ACD00BA7893 /* Frameworks */,
				B278BEA326E98ACD00BA7893 /* Resources */,
			);
			buildRules = (
			);
			dependencies = (
			);
			name = ConcentrationGame;
			productName = ConcentrationGame;
			productReference = B278BEA526E98ACD00BA7893 /* ConcentrationGame.app */;
			productType = "com.apple.product-type.application";
		};
/* End PBXNativeTarget section */

/* Begin PBXProject section */
		B278BE9D26E98ACD00BA7893 /* Project object */ = {
			isa = PBXProject;
			attributes = {
				BuildIndependentTargetsInParallel = 1;
				LastSwiftUpdateCheck = 1300;
				LastUpgradeCheck = 1300;
				TargetAttributes = {
					B278BEA426E98ACD00BA7893 = {
						CreatedOnToolsVersion = 13.0;
					};
				};
			};
			buildConfigurationList = B278BEA026E98ACD00BA7893 /* Build configuration list for PBXProject "ConcentrationGame" */;
			compatibilityVersion = "Xcode 13.0";
			developmentRegion = en;
			hasScannedForEncodings = 0;
			knownRegions = (
				en,
				Base,
			);
			mainGroup = B278BE9C26E98ACD00BA7893;
			productRefGroup = B278BEA626E98ACD00BA7893 /* Products */;
			projectDirPath = "";
			projectRoot = "";
			targets = (
				B278BEA426E98ACD00BA7893 /* ConcentrationGame */,
			);
		};
/* End PBXProject section */

/* Begin PBXResourcesBuildPhase section */
		B278BEA326E98ACD00BA7893 /* Resources */ = {
			isa = PBXResourcesBuildPhase;
			buildActionMask = 2147483647;
			files = (
				B278BEB026E98ACE00BA7893 /* Preview Assets.xcassets in Resources */,
				B278BEAD26E98ACE00BA7893 /* Assets.xcassets in Resources */,
				B2C13EE6270CC4CB000A14C1 /* temple_pics_concentration in Resources */,
			);
			runOnlyForDeploymentPostprocessing = 0;
		};
/* End PBXResourcesBuildPhase section */

/* Begin PBXSourcesBuildPhase section */
		B278BEA126E98ACD00BA7893 /* Sources */ = {
			isa = PBXSourcesBuildPhase;
			buildActionMask = 2147483647;
			files = (
				B27B41A526EC439500DA34EF /* ArrayIdentifiable.swift in Sources */,
				B278BEB926E9938D00BA7893 /* EmojiConcentrationGame.swift in Sources */,
				B278BEB726E9928A00BA7893 /* ConcentrationGame.swift in Sources */,
				B24DC8F726FB791A0064FD28 /* Cardify.swift in Sources */,
				B2C13ED426FFEA2F000A14C1 /* Theme.swift in Sources */,
				B2C13EE4270BE181000A14C1 /* GameMode.swift in Sources */,
				B2C13EE2270BE11F000A14C1 /* GameNavigation.swift in Sources */,
				B24DC8F526FADABB0064FD28 /* ArrayOnly.swift in Sources */,
				B2C13ED82703781D000A14C1 /* Welcome.swift in Sources */,
				B278BEAB26E98ACD00BA7893 /* EmojiGameView.swift in Sources */,
				B255342B26FA962F00B8FE04 /* Pie.swift in Sources */,
				B278BEA926E98ACD00BA7893 /* ConcentrationGameApp.swift in Sources */,
				B254A29B26FF95970052641E /* AspectVGrid.swift in Sources */,
				B27B41A326EC3DD900DA34EF /* CardView.swift in Sources */,
			);
			runOnlyForDeploymentPostprocessing = 0;
		};
/* End PBXSourcesBuildPhase section */

/* Begin XCBuildConfiguration section */
		B278BEB126E98ACE00BA7893 /* Debug */ = {
			isa = XCBuildConfiguration;
			buildSettings = {
				ALWAYS_SEARCH_USER_PATHS = NO;
				CLANG_ANALYZER_NONNULL = YES;
				CLANG_ANALYZER_NUMBER_OBJECT_CONVERSION = YES_AGGRESSIVE;
				CLANG_CXX_LANGUAGE_STANDARD = "gnu++17";
				CLANG_CXX_LIBRARY = "libc++";
				CLANG_ENABLE_MODULES = YES;
				CLANG_ENABLE_OBJC_ARC = YES;
				CLANG_ENABLE_OBJC_WEAK = YES;
				CLANG_WARN_BLOCK_CAPTURE_AUTORELEASING = YES;
				CLANG_WARN_BOOL_CONVERSION = YES;
				CLANG_WARN_COMMA = YES;
				CLANG_WARN_CONSTANT_CONVERSION = YES;
				CLANG_WARN_DEPRECATED_OBJC_IMPLEMENTATIONS = YES;
				CLANG_WARN_DIRECT_OBJC_ISA_USAGE = YES_ERROR;
				CLANG_WARN_DOCUMENTATION_COMMENTS = YES;
				CLANG_WARN_EMPTY_BODY = YES;
				CLANG_WARN_ENUM_CONVERSION = YES;
				CLANG_WARN_INFINITE_RECURSION = YES;
				CLANG_WARN_INT_CONVERSION = YES;
				CLANG_WARN_NON_LITERAL_NULL_CONVERSION = YES;
				CLANG_WARN_OBJC_IMPLICIT_RETAIN_SELF = YES;
				CLANG_WARN_OBJC_LITERAL_CONVERSION = YES;
				CLANG_WARN_OBJC_ROOT_CLASS = YES_ERROR;
				CLANG_WARN_QUOTED_INCLUDE_IN_FRAMEWORK_HEADER = YES;
				CLANG_WARN_RANGE_LOOP_ANALYSIS = YES;
				CLANG_WARN_STRICT_PROTOTYPES = YES;
				CLANG_WARN_SUSPICIOUS_MOVE = YES;
				CLANG_WARN_UNGUARDED_AVAILABILITY = YES_AGGRESSIVE;
				CLANG_WARN_UNREACHABLE_CODE = YES;
				CLANG_WARN__DUPLICATE_METHOD_MATCH = YES;
				COPY_PHASE_STRIP = NO;
				DEBUG_INFORMATION_FORMAT = dwarf;
				ENABLE_STRICT_OBJC_MSGSEND = YES;
				ENABLE_TESTABILITY = YES;
				GCC_C_LANGUAGE_STANDARD = gnu11;
				GCC_DYNAMIC_NO_PIC = NO;
				GCC_NO_COMMON_BLOCKS = YES;
				GCC_OPTIMIZATION_LEVEL = 0;
				GCC_PREPROCESSOR_DEFINITIONS = (
					"DEBUG=1",
					"$(inherited)",
				);
				GCC_WARN_64_TO_32_BIT_CONVERSION = YES;
				GCC_WARN_ABOUT_RETURN_TYPE = YES_ERROR;
				GCC_WARN_UNDECLARED_SELECTOR = YES;
				GCC_WARN_UNINITIALIZED_AUTOS = YES_AGGRESSIVE;
				GCC_WARN_UNUSED_FUNCTION = YES;
				GCC_WARN_UNUSED_VARIABLE = YES;
				IPHONEOS_DEPLOYMENT_TARGET = 15.0;
				MTL_ENABLE_DEBUG_INFO = INCLUDE_SOURCE;
				MTL_FAST_MATH = YES;
				ONLY_ACTIVE_ARCH = YES;
				SDKROOT = iphoneos;
				SWIFT_ACTIVE_COMPILATION_CONDITIONS = DEBUG;
				SWIFT_OPTIMIZATION_LEVEL = "-Onone";
			};
			name = Debug;
		};
		B278BEB226E98ACE00BA7893 /* Release */ = {
			isa = XCBuildConfiguration;
			buildSettings = {
				ALWAYS_SEARCH_USER_PATHS = NO;
				CLANG_ANALYZER_NONNULL = YES;
				CLANG_ANALYZER_NUMBER_OBJECT_CONVERSION = YES_AGGRESSIVE;
				CLANG_CXX_LANGUAGE_STANDARD = "gnu++17";
				CLANG_CXX_LIBRARY = "libc++";
				CLANG_ENABLE_MODULES = YES;
				CLANG_ENABLE_OBJC_ARC = YES;
				CLANG_ENABLE_OBJC_WEAK = YES;
				CLANG_WARN_BLOCK_CAPTURE_AUTORELEASING = YES;
				CLANG_WARN_BOOL_CONVERSION = YES;
				CLANG_WARN_COMMA = YES;
				CLANG_WARN_CONSTANT_CONVERSION = YES;
				CLANG_WARN_DEPRECATED_OBJC_IMPLEMENTATIONS = YES;
				CLANG_WARN_DIRECT_OBJC_ISA_USAGE = YES_ERROR;
				CLANG_WARN_DOCUMENTATION_COMMENTS = YES;
				CLANG_WARN_EMPTY_BODY = YES;
				CLANG_WARN_ENUM_CONVERSION = YES;
				CLANG_WARN_INFINITE_RECURSION = YES;
				CLANG_WARN_INT_CONVERSION = YES;
				CLANG_WARN_NON_LITERAL_NULL_CONVERSION = YES;
				CLANG_WARN_OBJC_IMPLICIT_RETAIN_SELF = YES;
				CLANG_WARN_OBJC_LITERAL_CONVERSION = YES;
				CLANG_WARN_OBJC_ROOT_CLASS = YES_ERROR;
				CLANG_WARN_QUOTED_INCLUDE_IN_FRAMEWORK_HEADER = YES;
				CLANG_WARN_RANGE_LOOP_ANALYSIS = YES;
				CLANG_WARN_STRICT_PROTOTYPES = YES;
				CLANG_WARN_SUSPICIOUS_MOVE = YES;
				CLANG_WARN_UNGUARDED_AVAILABILITY = YES_AGGRESSIVE;
				CLANG_WARN_UNREACHABLE_CODE = YES;
				CLANG_WARN__DUPLICATE_METHOD_MATCH = YES;
				COPY_PHASE_STRIP = NO;
				DEBUG_INFORMATION_FORMAT = "dwarf-with-dsym";
				ENABLE_NS_ASSERTIONS = NO;
				ENABLE_STRICT_OBJC_MSGSEND = YES;
				GCC_C_LANGUAGE_STANDARD = gnu11;
				GCC_NO_COMMON_BLOCKS = YES;
				GCC_WARN_64_TO_32_BIT_CONVERSION = YES;
				GCC_WARN_ABOUT_RETURN_TYPE = YES_ERROR;
				GCC_WARN_UNDECLARED_SELECTOR = YES;
				GCC_WARN_UNINITIALIZED_AUTOS = YES_AGGRESSIVE;
				GCC_WARN_UNUSED_FUNCTION = YES;
				GCC_WARN_UNUSED_VARIABLE = YES;
				IPHONEOS_DEPLOYMENT_TARGET = 15.0;
				MTL_ENABLE_DEBUG_INFO = NO;
				MTL_FAST_MATH = YES;
				SDKROOT = iphoneos;
				SWIFT_COMPILATION_MODE = wholemodule;
				SWIFT_OPTIMIZATION_LEVEL = "-O";
				VALIDATE_PRODUCT = YES;
			};
			name = Release;
		};
		B278BEB426E98ACE00BA7893 /* Debug */ = {
			isa = XCBuildConfiguration;
			buildSettings = {
				ASSETCATALOG_COMPILER_APPICON_NAME = AppIcon;
				ASSETCATALOG_COMPILER_GLOBAL_ACCENT_COLOR_NAME = AccentColor;
				CODE_SIGN_STYLE = Automatic;
				CURRENT_PROJECT_VERSION = 1;
				DEVELOPMENT_ASSET_PATHS = "\"ConcentrationGame/Preview Content\"";
				DEVELOPMENT_TEAM = Y64T97TPKJ;
				ENABLE_PREVIEWS = YES;
				GENERATE_INFOPLIST_FILE = YES;
				INFOPLIST_KEY_UIApplicationSceneManifest_Generation = YES;
				INFOPLIST_KEY_UIApplicationSupportsIndirectInputEvents = YES;
				INFOPLIST_KEY_UILaunchScreen_Generation = YES;
				INFOPLIST_KEY_UISupportedInterfaceOrientations_iPad = "UIInterfaceOrientationPortrait UIInterfaceOrientationPortraitUpsideDown UIInterfaceOrientationLandscapeLeft UIInterfaceOrientationLandscapeRight";
				INFOPLIST_KEY_UISupportedInterfaceOrientations_iPhone = "UIInterfaceOrientationPortrait UIInterfaceOrientationLandscapeLeft UIInterfaceOrientationLandscapeRight";
				IPHONEOS_DEPLOYMENT_TARGET = 15.0;
				LD_RUNPATH_SEARCH_PATHS = (
					"$(inherited)",
					"@executable_path/Frameworks",
				);
				MARKETING_VERSION = 1.0;
				PRODUCT_BUNDLE_IDENTIFIER = "chris-young-543.ConcentrationGame";
				PRODUCT_NAME = "$(TARGET_NAME)";
				SWIFT_EMIT_LOC_STRINGS = YES;
				SWIFT_VERSION = 5.0;
				TARGETED_DEVICE_FAMILY = "1,2";
			};
			name = Debug;
		};
		B278BEB526E98ACE00BA7893 /* Release */ = {
			isa = XCBuildConfiguration;
			buildSettings = {
				ASSETCATALOG_COMPILER_APPICON_NAME = AppIcon;
				ASSETCATALOG_COMPILER_GLOBAL_ACCENT_COLOR_NAME = AccentColor;
				CODE_SIGN_STYLE = Automatic;
				CURRENT_PROJECT_VERSION = 1;
				DEVELOPMENT_ASSET_PATHS = "\"ConcentrationGame/Preview Content\"";
				DEVELOPMENT_TEAM = Y64T97TPKJ;
				ENABLE_PREVIEWS = YES;
				GENERATE_INFOPLIST_FILE = YES;
				INFOPLIST_KEY_UIApplicationSceneManifest_Generation = YES;
				INFOPLIST_KEY_UIApplicationSupportsIndirectInputEvents = YES;
				INFOPLIST_KEY_UILaunchScreen_Generation = YES;
				INFOPLIST_KEY_UISupportedInterfaceOrientations_iPad = "UIInterfaceOrientationPortrait UIInterfaceOrientationPortraitUpsideDown UIInterfaceOrientationLandscapeLeft UIInterfaceOrientationLandscapeRight";
				INFOPLIST_KEY_UISupportedInterfaceOrientations_iPhone = "UIInterfaceOrientationPortrait UIInterfaceOrientationLandscapeLeft UIInterfaceOrientationLandscapeRight";
				IPHONEOS_DEPLOYMENT_TARGET = 15.0;
				LD_RUNPATH_SEARCH_PATHS = (
					"$(inherited)",
					"@executable_path/Frameworks",
				);
				MARKETING_VERSION = 1.0;
				PRODUCT_BUNDLE_IDENTIFIER = "chris-young-543.ConcentrationGame";
				PRODUCT_NAME = "$(TARGET_NAME)";
				SWIFT_EMIT_LOC_STRINGS = YES;
				SWIFT_VERSION = 5.0;
				TARGETED_DEVICE_FAMILY = "1,2";
			};
			name = Release;
		};
/* End XCBuildConfiguration section */

/* Begin XCConfigurationList section */
		B278BEA026E98ACD00BA7893 /* Build configuration list for PBXProject "ConcentrationGame" */ = {
			isa = XCConfigurationList;
			buildConfigurations = (
				B278BEB126E98ACE00BA7893 /* Debug */,
				B278BEB226E98ACE00BA7893 /* Release */,
			);
			defaultConfigurationIsVisible = 0;
			defaultConfigurationName = Release;
		};
		B278BEB326E98ACE00BA7893 /* Build configuration list for PBXNativeTarget "ConcentrationGame" */ = {
			isa = XCConfigurationList;
			buildConfigurations = (
				B278BEB426E98ACE00BA7893 /* Debug */,
				B278BEB526E98ACE00BA7893 /* Release */,
			);
			defaultConfigurationIsVisible = 0;
			defaultConfigurationName = Release;
		};
/* End XCConfigurationList section */
	};
	rootObject = B278BE9D26E98ACD00BA7893 /* Project object */;
}
